
Microsoft Visual Studio Solution File, Format Version 12.00
# Visual Studio Version 17
VisualStudioVersion = 17.4.33205.214
MinimumVisualStudioVersion = 10.0.40219.1
Project("{FAE04EC0-301F-11D3-BF4B-00C04F79EFBC}") = "NAutomation.Replayer", "NAutomation.Replayer\NAutomation.Replayer.csproj", "{0394EF35-9694-40E2-B4D8-A1091F9A5C46}"
EndProject
Project("{FAE04EC0-301F-11D3-BF4B-00C04F79EFBC}") = "NAutomation.Core", "NAutomation.Core\NAutomation.Core.csproj", "{565F1020-F307-43F0-A956-F3D7512A1D3B}"
EndProject
Project("{FAE04EC0-301F-11D3-BF4B-00C04F79EFBC}") = "NAutomation.Sample.WPF", "NAutomation.Sample.WPF\NAutomation.Sample.WPF.csproj", "{9A253836-3878-4472-B40B-5EB050D06310}"
EndProject
Global
	GlobalSection(SolutionConfigurationPlatforms) = preSolution
		Debug|Any CPU = Debug|Any CPU
		Release|Any CPU = Release|Any CPU
	EndGlobalSection
	GlobalSection(ProjectConfigurationPlatforms) = postSolution
		{0394EF35-9694-40E2-B4D8-A1091F9A5C46}.Debug|Any CPU.ActiveCfg = Debug|Any CPU
		{0394EF35-9694-40E2-B4D8-A1091F9A5C46}.Debug|Any CPU.Build.0 = Debug|Any CPU
		{0394EF35-9694-40E2-B4D8-A1091F9A5C46}.Release|Any CPU.ActiveCfg = Release|Any CPU
		{0394EF35-9694-40E2-B4D8-A1091F9A5C46}.Release|Any CPU.Build.0 = Release|Any CPU
		{565F1020-F307-43F0-A956-F3D7512A1D3B}.Debug|Any CPU.ActiveCfg = Debug|Any CPU
		{565F1020-F307-43F0-A956-F3D7512A1D3B}.Debug|Any CPU.Build.0 = Debug|Any CPU
		{565F1020-F307-43F0-A956-F3D7512A1D3B}.Release|Any CPU.ActiveCfg = Release|Any CPU
		{565F1020-F307-43F0-A956-F3D7512A1D3B}.Release|Any CPU.Build.0 = Release|Any CPU
		{9A253836-3878-4472-B40B-5EB050D06310}.Debug|Any CPU.ActiveCfg = Debug|Any CPU
		{9A253836-3878-4472-B40B-5EB050D06310}.Debug|Any CPU.Build.0 = Debug|Any CPU
		{9A253836-3878-4472-B40B-5EB050D06310}.Release|Any CPU.ActiveCfg = Release|Any CPU
		{9A253836-3878-4472-B40B-5EB050D06310}.Release|Any CPU.Build.0 = Release|Any CPU
	EndGlobalSection
	GlobalSection(SolutionProperties) = preSolution
		HideSolutionNode = FALSE
	EndGlobalSection
	GlobalSection(ExtensibilityGlobals) = postSolution
		SolutionGuid = {2DCDABDC-3245-4846-9BAA-7F4CD88F18B9}
	EndGlobalSection
EndGlobal
